%{"bcrypt": {:git, "git://github.com/smarkets/erlang-bcrypt.git", "14641089aa8ad8f9c17886c3ecf534868a282431", []},
  "cowboy": {:package, "1.0.0"},
  "cowlib": {:package, "1.0.0"},
  "decimal": {:package, "0.2.5"},
  "ecto": {:package, "0.2.5"},
  "erlsha2": {:git, "git://github.com/vinoski/erlsha2.git", "03a653fb2aa93e79d8166fd0311d0f739afc26ed", []},
  "exrecaptcha": {:package, "0.0.1"},
  "httpotion": {:package, "0.2.4"},
  "ibrowse": {:git, "git://github.com/cmullaparthi/ibrowse.git", "7871e2ebe8811efb64e1917e2de455fa87e8dfe3", []},
  "linguist": {:package, "0.1.2"},
  "phoenix": {:package, "0.4.1"},
  "plug": {:package, "0.7.0"},
  "poison": {:package, "1.1.1"},
  "poolboy": {:package, "1.2.1"},
  "postgrex": {:package, "0.6.0"},
  "ranch": {:package, "1.0.0"}}
